// !$*UTF8*$!
{
	archiveVersion = 1;
	classes = {
	};
	objectVersion = 48;
	objects = {

/* Begin PBXBuildFile section */
		D46F03C61F76D92100C19CAB /* AppDelegate.m in Sources */ = {isa = PBXBuildFile; fileRef = D46F03C51F76D92100C19CAB /* AppDelegate.m */; };
		D46F03C91F76D92100C19CAB /* ViewController.m in Sources */ = {isa = PBXBuildFile; fileRef = D46F03C81F76D92100C19CAB /* ViewController.m */; };
		D46F03CC1F76D92100C19CAB /* Main.storyboard in Resources */ = {isa = PBXBuildFile; fileRef = D46F03CA1F76D92100C19CAB /* Main.storyboard */; };
		D46F03CE1F76D92100C19CAB /* Assets.xcassets in Resources */ = {isa = PBXBuildFile; fileRef = D46F03CD1F76D92100C19CAB /* Assets.xcassets */; };
		D46F03D11F76D92100C19CAB /* LaunchScreen.storyboard in Resources */ = {isa = PBXBuildFile; fileRef = D46F03CF1F76D92100C19CAB /* LaunchScreen.storyboard */; };
		D46F03D41F76D92100C19CAB /* main.m in Sources */ = {isa = PBXBuildFile; fileRef = D46F03D31F76D92100C19CAB /* main.m */; };
/* End PBXBuildFile section */

/* Begin PBXFileReference section */
		D46F03C11F76D92100C19CAB /* MKCircle.app */ = {isa = PBXFileReference; explicitFileType = wrapper.application; includeInIndex = 0; path = MKCircle.app; sourceTree = BUILT_PRODUCTS_DIR; };
		D46F03C41F76D92100C19CAB /* AppDelegate.h */ = {isa = PBXFileReference; lastKnownFileType = sourcecode.c.h; path = AppDelegate.h; sourceTree = "<group>"; };
		D46F03C51F76D92100C19CAB /* AppDelegate.m */ = {isa = PBXFileReference; lastKnownFileType = sourcecode.c.objc; path = AppDelegate.m; sourceTree = "<group>"; };
		D46F03C71F76D92100C19CAB /* ViewController.h */ = {isa = PBXFileReference; lastKnownFileType = sourcecode.c.h; path = ViewController.h; sourceTree = "<group>"; };
		D46F03C81F76D92100C19CAB /* ViewController.m */ = {isa = PBXFileReference; lastKnownFileType = sourcecode.c.objc; path = ViewController.m; sourceTree = "<group>"; };
		D46F03CB1F76D92100C19CAB /* Base */ = {isa = PBXFileReference; lastKnownFileType = file.storyboard; name = Base; path = Base.lproj/Main.storyboard; sourceTree = "<group>"; };
		D46F03CD1F76D92100C19CAB /* Assets.xcassets */ = {isa = PBXFileReference; lastKnownFileType = folder.assetcatalog; path = Assets.xcassets; sourceTree = "<group>"; };
		D46F03D01F76D92100C19CAB /* Base */ = {isa = PBXFileReference; lastKnownFileType = file.storyboard; name = Base; path = Base.lproj/LaunchScreen.storyboard; sourceTree = "<group>"; };
		D46F03D21F76D92100C19CAB /* Info.plist */ = {isa = PBXFileReference; lastKnownFileType = text.plist.xml; path = Info.plist; sourceTree = "<group>"; };
		D46F03D31F76D92100C19CAB /* main.m */ = {isa = PBXFileReference; lastKnownFileType = sourcecode.c.objc; path = main.m; sourceTree = "<group>"; };
/* End PBXFileReference section */

/* Begin PBXFrameworksBuildPhase section */
		D46F03BE1F76D92100C19CAB /* Frameworks */ = {
			isa = PBXFrameworksBuildPhase;
			buildActionMask = 2147483647;
			files = (
			);
			runOnlyForDeploymentPostprocessing = 0;
		};
/* End PBXFrameworksBuildPhase section */

/* Begin PBXGroup section */
		D46F03B81F76D92100C19CAB = {
			isa = PBXGroup;
			children = (
				D46F03C31F76D92100C19CAB /* MKCircle */,
				D46F03C21F76D92100C19CAB /* Products */,
			);
			sourceTree = "<group>";
		};
		D46F03C21F76D92100C19CAB /* Products */ = {
			isa = PBXGroup;
			children = (
				D46F03C11F76D92100C19CAB /* MKCircle.app */,
			);
			name = Products;
			sourceTree = "<group>";
		};
		D46F03C31F76D92100C19CAB /* MKCircle */ = {
			isa = PBXGroup;
			children = (
				D46F03C41F76D92100C19CAB /* AppDelegate.h */,
				D46F03C51F76D92100C19CAB /* AppDelegate.m */,
				D46F03C71F76D92100C19CAB /* ViewController.h */,
				D46F03C81F76D92100C19CAB /* ViewController.m */,
				D46F03CA1F76D92100C19CAB /* Main.storyboard */,
				D46F03CD1F76D92100C19CAB /* Assets.xcassets */,
				D46F03CF1F76D92100C19CAB /* LaunchScreen.storyboard */,
				D46F03D21F76D92100C19CAB /* Info.plist */,
				D46F03D31F76D92100C19CAB /* main.m */,
			);
			path = MKCircle;
			sourceTree = "<group>";
		};
/* End PBXGroup section */

/* Begin PBXNativeTarget section */
		D46F03C01F76D92100C19CAB /* MKCircle */ = {
			isa = PBXNativeTarget;
			buildConfigurationList = D46F03D71F76D92100C19CAB /* Build configuration list for PBXNativeTarget "MKCircle" */;
			buildPhases = (
				D46F03BD1F76D92100C19CAB /* Sources */,
				D46F03BE1F76D92100C19CAB /* Frameworks */,
				D46F03BF1F76D92100C19CAB /* Resources */,
			);
			buildRules = (
			);
			dependencies = (
			);
			name = MKCircle;
			productName = MKCircle;
			productReference = D46F03C11F76D92100C19CAB /* MKCircle.app */;
			productType = "com.apple.product-type.application";
		};
/* End PBXNativeTarget section */

/* Begin PBXProject section */
		D46F03B91F76D92100C19CAB /* Project object */ = {
			isa = PBXProject;
			attributes = {
				LastUpgradeCheck = 0900;
				ORGANIZATIONNAME = "Pawan Kumar";
				TargetAttributes = {
					D46F03C01F76D92100C19CAB = {
						CreatedOnToolsVersion = 9.0;
						ProvisioningStyle = Automatic;
					};
				};
			};
			buildConfigurationList = D46F03BC1F76D92100C19CAB /* Build configuration list for PBXProject "MKCircle" */;
			compatibilityVersion = "Xcode 8.0";
			developmentRegion = en;
			hasScannedForEncodings = 0;
			knownRegions = (
				en,
				Base,
			);
			mainGroup = D46F03B81F76D92100C19CAB;
			productRefGroup = D46F03C21F76D92100C19CAB /* Products */;
			projectDirPath = "";
			projectRoot = "";
			targets = (
				D46F03C01F76D92100C19CAB /* MKCircle */,
			);
		};
/* End PBXProject section */

/* Begin PBXResourcesBuildPhase section */
		D46F03BF1F76D92100C19CAB /* Resources */ = {
			isa = PBXResourcesBuildPhase;
			buildActionMask = 2147483647;
			files = (
				D46F03D11F76D92100C19CAB /* LaunchScreen.storyboard in Resources */,
				D46F03CE1F76D92100C19CAB /* Assets.xcassets in Resources */,
				D46F03CC1F76D92100C19CAB /* Main.storyboard in Resources */,
			);
			runOnlyForDeploymentPostprocessing = 0;
		};
/* End PBXResourcesBuildPhase section */

/* Begin PBXSourcesBuildPhase section */
		D46F03BD1F76D92100C19CAB /* Sources */ = {
			isa = PBXSourcesBuildPhase;
			buildActionMask = 2147483647;
			files = (
				D46F03C91F76D92100C19CAB /* ViewController.m in Sources */,
				D46F03D41F76D92100C19CAB /* main.m in Sources */,
				D46F03C61F76D92100C19CAB /* AppDelegate.m in Sources */,
			);
			runOnlyForDeploymentPostprocessing = 0;
		};
/* End PBXSourcesBuildPhase section */

/* Begin PBXVariantGroup section */
		D46F03CA1F76D92100C19CAB /* Main.storyboard */ = {
			isa = PBXVariantGroup;
			children = (
				D46F03CB1F76D92100C19CAB /* Base */,
			);
			name = Main.storyboard;
			sourceTree = "<group>";
		};
		D46F03CF1F76D92100C19CAB /* LaunchScreen.storyboard */ = {
			isa = PBXVariantGroup;
			children = (
				D46F03D01F76D92100C19CAB /* Base */,
			);
			name = LaunchScreen.storyboard;
			sourceTree = "<group>";
		};
/* End PBXVariantGroup section */

/* Begin XCBuildConfiguration section */
		D46F03D51F76D92100C19CAB /* Debug */ = {
			isa = XCBuildConfiguration;
			buildSettings = {
				ALWAYS_SEARCH_USER_PATHS = NO;
				CLANG_ANALYZER_NONNULL = YES;
				CLANG_ANALYZER_NUMBER_OBJECT_CONVERSION = YES_AGGRESSIVE;
				CLANG_CXX_LANGUAGE_STANDARD = "gnu++14";
				CLANG_CXX_LIBRARY = "libc++";
				CLANG_ENABLE_MODULES = YES;
				CLANG_ENABLE_OBJC_ARC = YES;
				CLANG_WARN_BLOCK_CAPTURE_AUTORELEASING = YES;
				CLANG_WARN_BOOL_CONVERSION = YES;
				CLANG_WARN_COMMA = YES;
				CLANG_WARN_CONSTANT_CONVERSION = YES;
				CLANG_WARN_DIRECT_OBJC_ISA_USAGE = YES_ERROR;
				CLANG_WARN_DOCUMENTATION_COMMENTS = YES;
				CLANG_WARN_EMPTY_BODY = YES;
				CLANG_WARN_ENUM_CONVERSION = YES;
				CLANG_WARN_INFINITE_RECURSION = YES;
				CLANG_WARN_INT_CONVERSION = YES;
				CLANG_WARN_NON_LITERAL_NULL_CONVERSION = YES;
				CLANG_WARN_OBJC_LITERAL_CONVERSION = YES;
				CLANG_WARN_OBJC_ROOT_CLASS = YES_ERROR;
				CLANG_WARN_RANGE_LOOP_ANALYSIS = YES;
				CLANG_WARN_STRICT_PROTOTYPES = YES;
				CLANG_WARN_SUSPICIOUS_MOVE = YES;
				CLANG_WARN_UNGUARDED_AVAILABILITY = YES_AGGRESSIVE;
				CLANG_WARN_UNREACHABLE_CODE = YES;
				CLANG_WARN__DUPLICATE_METHOD_MATCH = YES;
				CODE_SIGN_IDENTITY = "iPhone Developer";
				COPY_PHASE_STRIP = NO;
				DEBUG_INFORMATION_FORMAT = dwarf;
				ENABLE_STRICT_OBJC_MSGSEND = YES;
				ENABLE_TESTABILITY = YES;
				GCC_C_LANGUAGE_STANDARD = gnu11;
				GCC_DYNAMIC_NO_PIC = NO;
				GCC_NO_COMMON_BLOCKS = YES;
				GCC_OPTIMIZATION_LEVEL = 0;
				GCC_PREPROCESSOR_DEFINITIONS = (
					"DEBUG=1",
					"$(inherited)",
				);
				GCC_WARN_64_TO_32_BIT_CONVERSION = YES;
				GCC_WARN_ABOUT_RETURN_TYPE = YES_ERROR;
				GCC_WARN_UNDECLARED_SELECTOR = YES;
				GCC_WARN_UNINITIALIZED_AUTOS = YES_AGGRESSIVE;
				GCC_WARN_UNUSED_FUNCTION = YES;
				GCC_WARN_UNUSED_VARIABLE = YES;
				IPHONEOS_DEPLOYMENT_TARGET = 11.0;
				MTL_ENABLE_DEBUG_INFO = YES;
				ONLY_ACTIVE_ARCH = YES;
				SDKROOT = iphoneos;
			};
			name = Debug;
		};
		D46F03D61F76D92100C19CAB /* Release */ = {
			isa = XCBuildConfiguration;
			buildSettings = {
				ALWAYS_SEARCH_USER_PATHS = NO;
				CLANG_ANALYZER_NONNULL = YES;
				CLANG_ANALYZER_NUMBER_OBJECT_CONVERSION = YES_AGGRESSIVE;
				CLANG_CXX_LANGUAGE_STANDARD = "gnu++14";
				CLANG_CXX_LIBRARY = "libc++";
				CLANG_ENABLE_MODULES = YES;
				CLANG_ENABLE_OBJC_ARC = YES;
				CLANG_WARN_BLOCK_CAPTURE_AUTORELEASING = YES;
				CLANG_WARN_BOOL_CONVERSION = YES;
				CLANG_WARN_COMMA = YES;
				CLANG_WARN_CONSTANT_CONVERSION = YES;
				CLANG_WARN_DIRECT_OBJC_ISA_USAGE = YES_ERROR;
				CLANG_WARN_DOCUMENTATION_COMMENTS = YES;
				CLANG_WARN_EMPTY_BODY = YES;
				CLANG_WARN_ENUM_CONVERSION = YES;
				CLANG_WARN_INFINITE_RECURSION = YES;
				CLANG_WARN_INT_CONVERSION = YES;
				CLANG_WARN_NON_LITERAL_NULL_CONVERSION = YES;
				CLANG_WARN_OBJC_LITERAL_CONVERSION = YES;
				CLANG_WARN_OBJC_ROOT_CLASS = YES_ERROR;
				CLANG_WARN_RANGE_LOOP_ANALYSIS = YES;
				CLANG_WARN_STRICT_PROTOTYPES = YES;
				CLANG_WARN_SUSPICIOUS_MOVE = YES;
				CLANG_WARN_UNGUARDED_AVAILABILITY = YES_AGGRESSIVE;
				CLANG_WARN_UNREACHABLE_CODE = YES;
				CLANG_WARN__DUPLICATE_METHOD_MATCH = YES;
				CODE_SIGN_IDENTITY = "iPhone Developer";
				COPY_PHASE_STRIP = NO;
				DEBUG_INFORMATION_FORMAT = "dwarf-with-dsym";
				ENABLE_NS_ASSERTIONS = NO;
				ENABLE_STRICT_OBJC_MSGSEND = YES;
				GCC_C_LANGUAGE_STANDARD = gnu11;
				GCC_NO_COMMON_BLOCKS = YES;
				GCC_WARN_64_TO_32_BIT_CONVERSION = YES;
				GCC_WARN_ABOUT_RETURN_TYPE = YES_ERROR;
				GCC_WARN_UNDECLARED_SELECTOR = YES;
				GCC_WARN_UNINITIALIZED_AUTOS = YES_AGGRESSIVE;
				GCC_WARN_UNUSED_FUNCTION = YES;
				GCC_WARN_UNUSED_VARIABLE = YES;
				IPHONEOS_DEPLOYMENT_TARGET = 11.0;
				MTL_ENABLE_DEBUG_INFO = NO;
				SDKROOT = iphoneos;
				VALIDATE_PRODUCT = YES;
			};
			name = Release;
		};
		D46F03D81F76D92100C19CAB /* Debug */ = {
			isa = XCBuildConfiguration;
			buildSettings = {
				ASSETCATALOG_COMPILER_APPICON_NAME = AppIcon;
				CODE_SIGN_STYLE = Automatic;
				DEVELOPMENT_TEAM = E638AEDMEK;
				INFOPLIST_FILE = MKCircle/Info.plist;
				IPHONEOS_DEPLOYMENT_TARGET = 9.0;
				LD_RUNPATH_SEARCH_PATHS = "$(inherited) @executable_path/Frameworks";
				PRODUCT_BUNDLE_IDENTIFIER = com.pk.MKCircle;
				PRODUCT_NAME = "$(TARGET_NAME)";
				TARGETED_DEVICE_FAMILY = "1,2";
			};
			name = Debug;
		};
		D46F03D91F76D92100C19CAB /* Release */ = {
			isa = XCBuildConfiguration;
			buildSettings = {
				ASSETCATALOG_COMPILER_APPICON_NAME = AppIcon;
				CODE_SIGN_STYLE = Automatic;
				DEVELOPMENT_TEAM = E638AEDMEK;
				INFOPLIST_FILE = MKCircle/Info.plist;
				IPHONEOS_DEPLOYMENT_TARGET = 9.0;
				LD_RUNPATH_SEARCH_PATHS = "$(inherited) @executable_path/Frameworks";
				PRODUCT_BUNDLE_IDENTIFIER = com.pk.MKCircle;
				PRODUCT_NAME = "$(TARGET_NAME)";
				TARGETED_DEVICE_FAMILY = "1,2";
			};
			name = Release;
		};
/* End XCBuildConfiguration section */

/* Begin XCConfigurationList section */
		D46F03BC1F76D92100C19CAB /* Build configuration list for PBXProject "MKCircle" */ = {
			isa = XCConfigurationList;
			buildConfigurations = (
				D46F03D51F76D92100C19CAB /* Debug */,
				D46F03D61F76D92100C19CAB /* Release */,
			);
			defaultConfigurationIsVisible = 0;
			defaultConfigurationName = Release;
		};
		D46F03D71F76D92100C19CAB /* Build configuration list for PBXNativeTarget "MKCircle" */ = {
			isa = XCConfigurationList;
			buildConfigurations = (
				D46F03D81F76D92100C19CAB /* Debug */,
				D46F03D91F76D92100C19CAB /* Release */,
			);
			defaultConfigurationIsVisible = 0;
			defaultConfigurationName = Release;
		};
/* End XCConfigurationList section */
	};
	rootObject = D46F03B91F76D92100C19CAB /* Project object */;
}
